
Microsoft Visual Studio Solution File, Format Version 12.00
# Visual Studio 15
VisualStudioVersion = 15.0.27428.2037
MinimumVisualStudioVersion = 10.0.40219.1
Project("{FAE04EC0-301F-11D3-BF4B-00C04F79EFBC}") = "WpfApp1", "WpfApp1\WpfApp1.csproj", "{C7A37DD6-30F0-4A0C-A531-2EEB4F5747B7}"
EndProject
Global
	GlobalSection(SolutionConfigurationPlatforms) = preSolution
		Debug|Any CPU = Debug|Any CPU
		Release|Any CPU = Release|Any CPU
	EndGlobalSection
	GlobalSection(ProjectConfigurationPlatforms) = postSolution
		{C7A37DD6-30F0-4A0C-A531-2EEB4F5747B7}.Debug|Any CPU.ActiveCfg = Debug|Any CPU
		{C7A37DD6-30F0-4A0C-A531-2EEB4F5747B7}.Debug|Any CPU.Build.0 = Debug|Any CPU
		{C7A37DD6-30F0-4A0C-A531-2EEB4F5747B7}.Release|Any CPU.ActiveCfg = Release|Any CPU
		{C7A37DD6-30F0-4A0C-A531-2EEB4F5747B7}.Release|Any CPU.Build.0 = Release|Any CPU
	EndGlobalSection
	GlobalSection(SolutionProperties) = preSolution
		HideSolutionNode = FALSE
	EndGlobalSection
	GlobalSection(ExtensibilityGlobals) = postSolution
		SolutionGuid = {FC792EAB-1C27-4511-8B48-3844ADAA25DB}
	EndGlobalSection
EndGlobal
